
Microsoft Visual Studio Solution File, Format Version 12.00
# Visual Studio Version 17
VisualStudioVersion = 17.14.36301.6 d17.14
MinimumVisualStudioVersion = 10.0.40219.1
Project("{FAE04EC0-301F-11D3-BF4B-00C04F79EFBC}") = "Tone Down the Twang", "Tone Down the Twang.csproj", "{A45CE053-6193-411B-816E-EBC13C50D7B2}"
EndProject
Global
	GlobalSection(SolutionConfigurationPlatforms) = preSolution
		Debug|Any CPU = Debug|Any CPU
		Release|Any CPU = Release|Any CPU
	EndGlobalSection
	GlobalSection(ProjectConfigurationPlatforms) = postSolution
		{A45CE053-6193-411B-816E-EBC13C50D7B2}.Debug|Any CPU.ActiveCfg = Debug|Any CPU
		{A45CE053-6193-411B-816E-EBC13C50D7B2}.Debug|Any CPU.Build.0 = Debug|Any CPU
		{A45CE053-6193-411B-816E-EBC13C50D7B2}.Release|Any CPU.ActiveCfg = Release|Any CPU
		{A45CE053-6193-411B-816E-EBC13C50D7B2}.Release|Any CPU.Build.0 = Release|Any CPU
	EndGlobalSection
	GlobalSection(SolutionProperties) = preSolution
		HideSolutionNode = FALSE
	EndGlobalSection
	GlobalSection(ExtensibilityGlobals) = postSolution
		SolutionGuid = {D52E5355-8443-4F1F-86FC-47CAFED971D1}
	EndGlobalSection
EndGlobal
